github.com/mattn/go-sqlite3 v1.14.17 h1:mCRHCLDUBXgpKAqIKsaAaAsrAlbkeomtRFKXh2L6YIM=
github.com/mattn/go-sqlite3 v1.14.17/go.mod h1:2eHXhiwb8IkHr+BDWZGa96P6+rkvnG63S2DGjv9HUNg=
gopkg.in/Knetic/govaluate.v2 v2.3.0 h1:naJVc9CZlWA8rC8f5mvECJD7jreTrn7FvGXjBthkHJQ=
gopkg.in/Knetic/govaluate.v2 v2.3.0/go.mod h1:NW0gr10J8s7aNghEg6uhdxiEaBvc0+8VgJjVViHUKp4=
